
Microsoft Visual Studio Solution File, Format Version 12.00
# Visual Studio Version 17
VisualStudioVersion = 17.5.002.0
MinimumVisualStudioVersion = 10.0.40219.1
Project("{9A19103F-16F7-4668-BE54-9A1E7A4F7556}") = "api", "api\api.csproj", "{E3415E3B-4F35-4EDE-A542-07922370542A}"
EndProject
Global
	GlobalSection(SolutionConfigurationPlatforms) = preSolution
		Debug|Any CPU = Debug|Any CPU
		Release|Any CPU = Release|Any CPU
	EndGlobalSection
	GlobalSection(ProjectConfigurationPlatforms) = postSolution
		{E3415E3B-4F35-4EDE-A542-07922370542A}.Debug|Any CPU.ActiveCfg = Debug|Any CPU
		{E3415E3B-4F35-4EDE-A542-07922370542A}.Debug|Any CPU.Build.0 = Debug|Any CPU
		{E3415E3B-4F35-4EDE-A542-07922370542A}.Release|Any CPU.ActiveCfg = Release|Any CPU
		{E3415E3B-4F35-4EDE-A542-07922370542A}.Release|Any CPU.Build.0 = Release|Any CPU
	EndGlobalSection
	GlobalSection(SolutionProperties) = preSolution
		HideSolutionNode = FALSE
	EndGlobalSection
	GlobalSection(ExtensibilityGlobals) = postSolution
		SolutionGuid = {5BBAC9B1-1D40-43C6-82F0-3B4132C94FCF}
	EndGlobalSection
EndGlobal
